
Microsoft Visual Studio Solution File, Format Version 12.00
# Visual Studio Version 16
VisualStudioVersion = 16.0.31129.286
MinimumVisualStudioVersion = 10.0.40219.1
Project("{FAE04EC0-301F-11D3-BF4B-00C04F79EFBC}") = "RecordDemo", "RecordDemo\RecordDemo.csproj", "{D2FA2A02-F348-452F-B9E5-C0D7A700B7D4}"
EndProject
Global
	GlobalSection(SolutionConfigurationPlatforms) = preSolution
		Debug|Any CPU = Debug|Any CPU
		Release|Any CPU = Release|Any CPU
	EndGlobalSection
	GlobalSection(ProjectConfigurationPlatforms) = postSolution
		{D2FA2A02-F348-452F-B9E5-C0D7A700B7D4}.Debug|Any CPU.ActiveCfg = Debug|Any CPU
		{D2FA2A02-F348-452F-B9E5-C0D7A700B7D4}.Debug|Any CPU.Build.0 = Debug|Any CPU
		{D2FA2A02-F348-452F-B9E5-C0D7A700B7D4}.Release|Any CPU.ActiveCfg = Release|Any CPU
		{D2FA2A02-F348-452F-B9E5-C0D7A700B7D4}.Release|Any CPU.Build.0 = Release|Any CPU
	EndGlobalSection
	GlobalSection(SolutionProperties) = preSolution
		HideSolutionNode = FALSE
	EndGlobalSection
	GlobalSection(ExtensibilityGlobals) = postSolution
		SolutionGuid = {FEA7BBA3-A2AA-4D4F-9113-CE8CF24F9283}
	EndGlobalSection
EndGlobal
