
Microsoft Visual Studio Solution File, Format Version 12.00
# Visual Studio Version 17
VisualStudioVersion = 17.12.35527.113
MinimumVisualStudioVersion = 10.0.40219.1
Project("{2150E333-8FDC-42A3-9474-1A3956D46DE8}") = "Solution Items", "Solution Items", "{A1EB25F5-1A6B-4FFA-B856-5882FF358D12}"
	ProjectSection(SolutionItems) = preProject
		Notes.txt = Notes.txt
	EndProjectSection
EndProject
Project("{9A19103F-16F7-4668-BE54-9A1E7A4F7556}") = "ExcelDemo", "ExcelDemo\ExcelDemo.csproj", "{983AF9AA-502B-4D77-931B-9BFA64E3E7A2}"
EndProject
Project("{9A19103F-16F7-4668-BE54-9A1E7A4F7556}") = "MongoDbDemo", "MongoDbDemo\MongoDbDemo.csproj", "{3ADDB4BD-0CB1-4825-9195-1D207811A5EF}"
EndProject
Project("{9A19103F-16F7-4668-BE54-9A1E7A4F7556}") = "BetterConsoleDemo", "BetterConsoleDemo\BetterConsoleDemo.csproj", "{965CB595-630A-42B8-B474-43BA36495314}"
EndProject
Project("{9A19103F-16F7-4668-BE54-9A1E7A4F7556}") = "HangfireDemo", "HangfireDemo\HangfireDemo.csproj", "{63CDDA86-30B4-4DDF-97E5-46B6DFCF9DC1}"
EndProject
Project("{FAE04EC0-301F-11D3-BF4B-00C04F79EFBC}") = "AzureFunctionDemo", "AzureFunctionDemo\AzureFunctionDemo.csproj", "{E0826014-C5B6-4CA9-B015-02A023FE60D4}"
EndProject
Project("{FAE04EC0-301F-11D3-BF4B-00C04F79EFBC}") = "BogusLibrary", "BogusLibrary\BogusLibrary.csproj", "{698EC575-068A-475D-9A70-E764B83D1144}"
EndProject
Project("{2150E333-8FDC-42A3-9474-1A3956D46DE8}") = "LibraryDemo", "LibraryDemo", "{04D08215-FD62-447E-B630-F1BB7C86E812}"
EndProject
Project("{FAE04EC0-301F-11D3-BF4B-00C04F79EFBC}") = "ThrowLibrary", "ThrowLibrary\ThrowLibrary.csproj", "{5CE80AEA-B83A-4725-B7E6-705DE8081941}"
EndProject
Project("{FAE04EC0-301F-11D3-BF4B-00C04F79EFBC}") = "Benchmarker", "Benchmarker\Benchmarker.csproj", "{86FBB8ED-7FDD-4447-BCD6-3D1DD50A754C}"
EndProject
Project("{FAE04EC0-301F-11D3-BF4B-00C04F79EFBC}") = "TwoFactorAuthentication.API", "TwoFactorAuthentication.API\TwoFactorAuthentication.API.csproj", "{3BC846D3-EB69-48E0-BDE5-10E36DFE41D2}"
EndProject
Global
	GlobalSection(SolutionConfigurationPlatforms) = preSolution
		Debug|Any CPU = Debug|Any CPU
		Release|Any CPU = Release|Any CPU
	EndGlobalSection
	GlobalSection(ProjectConfigurationPlatforms) = postSolution
		{983AF9AA-502B-4D77-931B-9BFA64E3E7A2}.Debug|Any CPU.ActiveCfg = Debug|Any CPU
		{983AF9AA-502B-4D77-931B-9BFA64E3E7A2}.Debug|Any CPU.Build.0 = Debug|Any CPU
		{983AF9AA-502B-4D77-931B-9BFA64E3E7A2}.Release|Any CPU.ActiveCfg = Release|Any CPU
		{983AF9AA-502B-4D77-931B-9BFA64E3E7A2}.Release|Any CPU.Build.0 = Release|Any CPU
		{3ADDB4BD-0CB1-4825-9195-1D207811A5EF}.Debug|Any CPU.ActiveCfg = Debug|Any CPU
		{3ADDB4BD-0CB1-4825-9195-1D207811A5EF}.Debug|Any CPU.Build.0 = Debug|Any CPU
		{3ADDB4BD-0CB1-4825-9195-1D207811A5EF}.Release|Any CPU.ActiveCfg = Release|Any CPU
		{3ADDB4BD-0CB1-4825-9195-1D207811A5EF}.Release|Any CPU.Build.0 = Release|Any CPU
		{965CB595-630A-42B8-B474-43BA36495314}.Debug|Any CPU.ActiveCfg = Debug|Any CPU
		{965CB595-630A-42B8-B474-43BA36495314}.Debug|Any CPU.Build.0 = Debug|Any CPU
		{965CB595-630A-42B8-B474-43BA36495314}.Release|Any CPU.ActiveCfg = Release|Any CPU
		{965CB595-630A-42B8-B474-43BA36495314}.Release|Any CPU.Build.0 = Release|Any CPU
		{63CDDA86-30B4-4DDF-97E5-46B6DFCF9DC1}.Debug|Any CPU.ActiveCfg = Debug|Any CPU
		{63CDDA86-30B4-4DDF-97E5-46B6DFCF9DC1}.Debug|Any CPU.Build.0 = Debug|Any CPU
		{63CDDA86-30B4-4DDF-97E5-46B6DFCF9DC1}.Release|Any CPU.ActiveCfg = Release|Any CPU
		{63CDDA86-30B4-4DDF-97E5-46B6DFCF9DC1}.Release|Any CPU.Build.0 = Release|Any CPU
		{E0826014-C5B6-4CA9-B015-02A023FE60D4}.Debug|Any CPU.ActiveCfg = Debug|Any CPU
		{E0826014-C5B6-4CA9-B015-02A023FE60D4}.Debug|Any CPU.Build.0 = Debug|Any CPU
		{E0826014-C5B6-4CA9-B015-02A023FE60D4}.Release|Any CPU.ActiveCfg = Release|Any CPU
		{E0826014-C5B6-4CA9-B015-02A023FE60D4}.Release|Any CPU.Build.0 = Release|Any CPU
		{698EC575-068A-475D-9A70-E764B83D1144}.Debug|Any CPU.ActiveCfg = Debug|Any CPU
		{698EC575-068A-475D-9A70-E764B83D1144}.Debug|Any CPU.Build.0 = Debug|Any CPU
		{698EC575-068A-475D-9A70-E764B83D1144}.Release|Any CPU.ActiveCfg = Release|Any CPU
		{698EC575-068A-475D-9A70-E764B83D1144}.Release|Any CPU.Build.0 = Release|Any CPU
		{5CE80AEA-B83A-4725-B7E6-705DE8081941}.Debug|Any CPU.ActiveCfg = Debug|Any CPU
		{5CE80AEA-B83A-4725-B7E6-705DE8081941}.Debug|Any CPU.Build.0 = Debug|Any CPU
		{5CE80AEA-B83A-4725-B7E6-705DE8081941}.Release|Any CPU.ActiveCfg = Release|Any CPU
		{5CE80AEA-B83A-4725-B7E6-705DE8081941}.Release|Any CPU.Build.0 = Release|Any CPU
		{86FBB8ED-7FDD-4447-BCD6-3D1DD50A754C}.Debug|Any CPU.ActiveCfg = Debug|Any CPU
		{86FBB8ED-7FDD-4447-BCD6-3D1DD50A754C}.Debug|Any CPU.Build.0 = Debug|Any CPU
		{86FBB8ED-7FDD-4447-BCD6-3D1DD50A754C}.Release|Any CPU.ActiveCfg = Release|Any CPU
		{86FBB8ED-7FDD-4447-BCD6-3D1DD50A754C}.Release|Any CPU.Build.0 = Release|Any CPU
		{3BC846D3-EB69-48E0-BDE5-10E36DFE41D2}.Debug|Any CPU.ActiveCfg = Debug|Any CPU
		{3BC846D3-EB69-48E0-BDE5-10E36DFE41D2}.Debug|Any CPU.Build.0 = Debug|Any CPU
		{3BC846D3-EB69-48E0-BDE5-10E36DFE41D2}.Release|Any CPU.ActiveCfg = Release|Any CPU
		{3BC846D3-EB69-48E0-BDE5-10E36DFE41D2}.Release|Any CPU.Build.0 = Release|Any CPU
	EndGlobalSection
	GlobalSection(SolutionProperties) = preSolution
		HideSolutionNode = FALSE
	EndGlobalSection
	GlobalSection(NestedProjects) = preSolution
		{63CDDA86-30B4-4DDF-97E5-46B6DFCF9DC1} = {04D08215-FD62-447E-B630-F1BB7C86E812}
		{698EC575-068A-475D-9A70-E764B83D1144} = {04D08215-FD62-447E-B630-F1BB7C86E812}
		{5CE80AEA-B83A-4725-B7E6-705DE8081941} = {04D08215-FD62-447E-B630-F1BB7C86E812}
	EndGlobalSection
	GlobalSection(ExtensibilityGlobals) = postSolution
		SolutionGuid = {FEA7BBA3-A2AA-4D4F-9113-CE8CF24F9283}
	EndGlobalSection
EndGlobal
